// !$*UTF8*$!
{
	archiveVersion = 1;
	classes = {
	};
	objectVersion = 55;
	objects = {

/* Begin PBXBuildFile section */
		C91A201F27542CEB003A39D9 /* AppDelegate.swift in Sources */ = {isa = PBXBuildFile; fileRef = C91A201E27542CEB003A39D9 /* AppDelegate.swift */; };
		C91A202127542CEB003A39D9 /* SceneDelegate.swift in Sources */ = {isa = PBXBuildFile; fileRef = C91A202027542CEB003A39D9 /* SceneDelegate.swift */; };
		C91A202327542CEB003A39D9 /* ViewController.swift in Sources */ = {isa = PBXBuildFile; fileRef = C91A202227542CEB003A39D9 /* ViewController.swift */; };
		C91A202627542CEB003A39D9 /* Main.storyboard in Resources */ = {isa = PBXBuildFile; fileRef = C91A202427542CEB003A39D9 /* Main.storyboard */; };
		C91A202827542CEC003A39D9 /* Assets.xcassets in Resources */ = {isa = PBXBuildFile; fileRef = C91A202727542CEC003A39D9 /* Assets.xcassets */; };
		C91A202B27542CEC003A39D9 /* LaunchScreen.storyboard in Resources */ = {isa = PBXBuildFile; fileRef = C91A202927542CEC003A39D9 /* LaunchScreen.storyboard */; };
		C91A203427542E72003A39D9 /* lamp_off.png in Resources */ = {isa = PBXBuildFile; fileRef = C91A203227542E72003A39D9 /* lamp_off.png */; };
		C91A203527542E72003A39D9 /* lamp_on.png in Resources */ = {isa = PBXBuildFile; fileRef = C91A203327542E72003A39D9 /* lamp_on.png */; };
		C91A203727542EE1003A39D9 /* ImagViewController.swift in Sources */ = {isa = PBXBuildFile; fileRef = C91A203627542EE0003A39D9 /* ImagViewController.swift */; };
		C91A20392754300E003A39D9 /* DateViewController.swift in Sources */ = {isa = PBXBuildFile; fileRef = C91A20382754300E003A39D9 /* DateViewController.swift */; };
		C91A203B2754318D003A39D9 /* File.png in Resources */ = {isa = PBXBuildFile; fileRef = C91A203A2754318D003A39D9 /* File.png */; };
		C91A203D275433F6003A39D9 /* PickerViewController.swift in Sources */ = {isa = PBXBuildFile; fileRef = C91A203C275433F6003A39D9 /* PickerViewController.swift */; };
		C91A20482754340D003A39D9 /* 5.jpg in Resources */ = {isa = PBXBuildFile; fileRef = C91A203E2754340D003A39D9 /* 5.jpg */; };
		C91A20492754340D003A39D9 /* 7.jpg in Resources */ = {isa = PBXBuildFile; fileRef = C91A203F2754340D003A39D9 /* 7.jpg */; };
		C91A204A2754340D003A39D9 /* 8.jpg in Resources */ = {isa = PBXBuildFile; fileRef = C91A20402754340D003A39D9 /* 8.jpg */; };
		C91A204B2754340D003A39D9 /* 9.jpg in Resources */ = {isa = PBXBuildFile; fileRef = C91A20412754340D003A39D9 /* 9.jpg */; };
		C91A204C2754340D003A39D9 /* 10.jpg in Resources */ = {isa = PBXBuildFile; fileRef = C91A20422754340D003A39D9 /* 10.jpg */; };
		C91A204D2754340D003A39D9 /* 1.jpg in Resources */ = {isa = PBXBuildFile; fileRef = C91A20432754340D003A39D9 /* 1.jpg */; };
		C91A204E2754340D003A39D9 /* 4.jpg in Resources */ = {isa = PBXBuildFile; fileRef = C91A20442754340D003A39D9 /* 4.jpg */; };
		C91A204F2754340D003A39D9 /* 2.jpg in Resources */ = {isa = PBXBuildFile; fileRef = C91A20452754340D003A39D9 /* 2.jpg */; };
		C91A20502754340D003A39D9 /* 6.jpg in Resources */ = {isa = PBXBuildFile; fileRef = C91A20462754340D003A39D9 /* 6.jpg */; };
		C91A20512754340D003A39D9 /* 3.jpg in Resources */ = {isa = PBXBuildFile; fileRef = C91A20472754340D003A39D9 /* 3.jpg */; };
/* End PBXBuildFile section */

/* Begin PBXFileReference section */
		C91A201B27542CEB003A39D9 /* Tab.app */ = {isa = PBXFileReference; explicitFileType = wrapper.application; includeInIndex = 0; path = Tab.app; sourceTree = BUILT_PRODUCTS_DIR; };
		C91A201E27542CEB003A39D9 /* AppDelegate.swift */ = {isa = PBXFileReference; lastKnownFileType = sourcecode.swift; path = AppDelegate.swift; sourceTree = "<group>"; };
		C91A202027542CEB003A39D9 /* SceneDelegate.swift */ = {isa = PBXFileReference; lastKnownFileType = sourcecode.swift; path = SceneDelegate.swift; sourceTree = "<group>"; };
		C91A202227542CEB003A39D9 /* ViewController.swift */ = {isa = PBXFileReference; lastKnownFileType = sourcecode.swift; path = ViewController.swift; sourceTree = "<group>"; };
		C91A202527542CEB003A39D9 /* Base */ = {isa = PBXFileReference; lastKnownFileType = file.storyboard; name = Base; path = Base.lproj/Main.storyboard; sourceTree = "<group>"; };
		C91A202727542CEC003A39D9 /* Assets.xcassets */ = {isa = PBXFileReference; lastKnownFileType = folder.assetcatalog; path = Assets.xcassets; sourceTree = "<group>"; };
		C91A202A27542CEC003A39D9 /* Base */ = {isa = PBXFileReference; lastKnownFileType = file.storyboard; name = Base; path = Base.lproj/LaunchScreen.storyboard; sourceTree = "<group>"; };
		C91A202C27542CEC003A39D9 /* Info.plist */ = {isa = PBXFileReference; lastKnownFileType = text.plist.xml; path = Info.plist; sourceTree = "<group>"; };
		C91A203227542E72003A39D9 /* lamp_off.png */ = {isa = PBXFileReference; lastKnownFileType = image.png; path = lamp_off.png; sourceTree = "<group>"; };
		C91A203327542E72003A39D9 /* lamp_on.png */ = {isa = PBXFileReference; lastKnownFileType = image.png; path = lamp_on.png; sourceTree = "<group>"; };
		C91A203627542EE0003A39D9 /* ImagViewController.swift */ = {isa = PBXFileReference; fileEncoding = 4; lastKnownFileType = sourcecode.swift; path = ImagViewController.swift; sourceTree = "<group>"; };
		C91A20382754300E003A39D9 /* DateViewController.swift */ = {isa = PBXFileReference; fileEncoding = 4; lastKnownFileType = sourcecode.swift; path = DateViewController.swift; sourceTree = "<group>"; };
		C91A203A2754318D003A39D9 /* File.png */ = {isa = PBXFileReference; lastKnownFileType = image.png; path = File.png; sourceTree = "<group>"; };
		C91A203C275433F6003A39D9 /* PickerViewController.swift */ = {isa = PBXFileReference; fileEncoding = 4; lastKnownFileType = sourcecode.swift; path = PickerViewController.swift; sourceTree = "<group>"; };
		C91A203E2754340D003A39D9 /* 5.jpg */ = {isa = PBXFileReference; lastKnownFileType = image.jpeg; path = 5.jpg; sourceTree = "<group>"; };
		C91A203F2754340D003A39D9 /* 7.jpg */ = {isa = PBXFileReference; lastKnownFileType = image.jpeg; path = 7.jpg; sourceTree = "<group>"; };
		C91A20402754340D003A39D9 /* 8.jpg */ = {isa = PBXFileReference; lastKnownFileType = image.jpeg; path = 8.jpg; sourceTree = "<group>"; };
		C91A20412754340D003A39D9 /* 9.jpg */ = {isa = PBXFileReference; lastKnownFileType = image.jpeg; path = 9.jpg; sourceTree = "<group>"; };
		C91A20422754340D003A39D9 /* 10.jpg */ = {isa = PBXFileReference; lastKnownFileType = image.jpeg; path = 10.jpg; sourceTree = "<group>"; };
		C91A20432754340D003A39D9 /* 1.jpg */ = {isa = PBXFileReference; lastKnownFileType = image.jpeg; path = 1.jpg; sourceTree = "<group>"; };
		C91A20442754340D003A39D9 /* 4.jpg */ = {isa = PBXFileReference; lastKnownFileType = image.jpeg; path = 4.jpg; sourceTree = "<group>"; };
		C91A20452754340D003A39D9 /* 2.jpg */ = {isa = PBXFileReference; lastKnownFileType = image.jpeg; path = 2.jpg; sourceTree = "<group>"; };
		C91A20462754340D003A39D9 /* 6.jpg */ = {isa = PBXFileReference; lastKnownFileType = image.jpeg; path = 6.jpg; sourceTree = "<group>"; };
		C91A20472754340D003A39D9 /* 3.jpg */ = {isa = PBXFileReference; lastKnownFileType = image.jpeg; path = 3.jpg; sourceTree = "<group>"; };
/* End PBXFileReference section */

/* Begin PBXFrameworksBuildPhase section */
		C91A201827542CEB003A39D9 /* Frameworks */ = {
			isa = PBXFrameworksBuildPhase;
			buildActionMask = 2147483647;
			files = (
			);
			runOnlyForDeploymentPostprocessing = 0;
		};
/* End PBXFrameworksBuildPhase section */

/* Begin PBXGroup section */
		C91A201227542CEB003A39D9 = {
			isa = PBXGroup;
			children = (
				C91A201D27542CEB003A39D9 /* Tab */,
				C91A201C27542CEB003A39D9 /* Products */,
			);
			sourceTree = "<group>";
		};
		C91A201C27542CEB003A39D9 /* Products */ = {
			isa = PBXGroup;
			children = (
				C91A201B27542CEB003A39D9 /* Tab.app */,
			);
			name = Products;
			sourceTree = "<group>";
		};
		C91A201D27542CEB003A39D9 /* Tab */ = {
			isa = PBXGroup;
			children = (
				C91A203227542E72003A39D9 /* lamp_off.png */,
				C91A203327542E72003A39D9 /* lamp_on.png */,
				C91A203A2754318D003A39D9 /* File.png */,
				C91A20432754340D003A39D9 /* 1.jpg */,
				C91A20452754340D003A39D9 /* 2.jpg */,
				C91A20472754340D003A39D9 /* 3.jpg */,
				C91A20442754340D003A39D9 /* 4.jpg */,
				C91A203E2754340D003A39D9 /* 5.jpg */,
				C91A20462754340D003A39D9 /* 6.jpg */,
				C91A203F2754340D003A39D9 /* 7.jpg */,
				C91A20402754340D003A39D9 /* 8.jpg */,
				C91A20412754340D003A39D9 /* 9.jpg */,
				C91A20422754340D003A39D9 /* 10.jpg */,
				C91A201E27542CEB003A39D9 /* AppDelegate.swift */,
				C91A202027542CEB003A39D9 /* SceneDelegate.swift */,
				C91A202227542CEB003A39D9 /* ViewController.swift */,
				C91A203627542EE0003A39D9 /* ImagViewController.swift */,
				C91A20382754300E003A39D9 /* DateViewController.swift */,
				C91A203C275433F6003A39D9 /* PickerViewController.swift */,
				C91A202427542CEB003A39D9 /* Main.storyboard */,
				C91A202727542CEC003A39D9 /* Assets.xcassets */,
				C91A202927542CEC003A39D9 /* LaunchScreen.storyboard */,
				C91A202C27542CEC003A39D9 /* Info.plist */,
			);
			path = Tab;
			sourceTree = "<group>";
		};
/* End PBXGroup section */

/* Begin PBXNativeTarget section */
		C91A201A27542CEB003A39D9 /* Tab */ = {
			isa = PBXNativeTarget;
			buildConfigurationList = C91A202F27542CEC003A39D9 /* Build configuration list for PBXNativeTarget "Tab" */;
			buildPhases = (
				C91A201727542CEB003A39D9 /* Sources */,
				C91A201827542CEB003A39D9 /* Frameworks */,
				C91A201927542CEB003A39D9 /* Resources */,
			);
			buildRules = (
			);
			dependencies = (
			);
			name = Tab;
			productName = Tab;
			productReference = C91A201B27542CEB003A39D9 /* Tab.app */;
			productType = "com.apple.product-type.application";
		};
/* End PBXNativeTarget section */

/* Begin PBXProject section */
		C91A201327542CEB003A39D9 /* Project object */ = {
			isa = PBXProject;
			attributes = {
				BuildIndependentTargetsInParallel = 1;
				LastSwiftUpdateCheck = 1310;
				LastUpgradeCheck = 1310;
				TargetAttributes = {
					C91A201A27542CEB003A39D9 = {
						CreatedOnToolsVersion = 13.1;
					};
				};
			};
			buildConfigurationList = C91A201627542CEB003A39D9 /* Build configuration list for PBXProject "Tab" */;
			compatibilityVersion = "Xcode 13.0";
			developmentRegion = en;
			hasScannedForEncodings = 0;
			knownRegions = (
				en,
				Base,
			);
			mainGroup = C91A201227542CEB003A39D9;
			productRefGroup = C91A201C27542CEB003A39D9 /* Products */;
			projectDirPath = "";
			projectRoot = "";
			targets = (
				C91A201A27542CEB003A39D9 /* Tab */,
			);
		};
/* End PBXProject section */

/* Begin PBXResourcesBuildPhase section */
		C91A201927542CEB003A39D9 /* Resources */ = {
			isa = PBXResourcesBuildPhase;
			buildActionMask = 2147483647;
			files = (
				C91A202B27542CEC003A39D9 /* LaunchScreen.storyboard in Resources */,
				C91A202827542CEC003A39D9 /* Assets.xcassets in Resources */,
				C91A204F2754340D003A39D9 /* 2.jpg in Resources */,
				C91A203527542E72003A39D9 /* lamp_on.png in Resources */,
				C91A204C2754340D003A39D9 /* 10.jpg in Resources */,
				C91A204B2754340D003A39D9 /* 9.jpg in Resources */,
				C91A204A2754340D003A39D9 /* 8.jpg in Resources */,
				C91A20512754340D003A39D9 /* 3.jpg in Resources */,
				C91A20492754340D003A39D9 /* 7.jpg in Resources */,
				C91A203B2754318D003A39D9 /* File.png in Resources */,
				C91A20502754340D003A39D9 /* 6.jpg in Resources */,
				C91A20482754340D003A39D9 /* 5.jpg in Resources */,
				C91A204D2754340D003A39D9 /* 1.jpg in Resources */,
				C91A202627542CEB003A39D9 /* Main.storyboard in Resources */,
				C91A203427542E72003A39D9 /* lamp_off.png in Resources */,
				C91A204E2754340D003A39D9 /* 4.jpg in Resources */,
			);
			runOnlyForDeploymentPostprocessing = 0;
		};
/* End PBXResourcesBuildPhase section */

/* Begin PBXSourcesBuildPhase section */
		C91A201727542CEB003A39D9 /* Sources */ = {
			isa = PBXSourcesBuildPhase;
			buildActionMask = 2147483647;
			files = (
				C91A203D275433F6003A39D9 /* PickerViewController.swift in Sources */,
				C91A20392754300E003A39D9 /* DateViewController.swift in Sources */,
				C91A203727542EE1003A39D9 /* ImagViewController.swift in Sources */,
				C91A202327542CEB003A39D9 /* ViewController.swift in Sources */,
				C91A201F27542CEB003A39D9 /* AppDelegate.swift in Sources */,
				C91A202127542CEB003A39D9 /* SceneDelegate.swift in Sources */,
			);
			runOnlyForDeploymentPostprocessing = 0;
		};
/* End PBXSourcesBuildPhase section */

/* Begin PBXVariantGroup section */
		C91A202427542CEB003A39D9 /* Main.storyboard */ = {
			isa = PBXVariantGroup;
			children = (
				C91A202527542CEB003A39D9 /* Base */,
			);
			name = Main.storyboard;
			sourceTree = "<group>";
		};
		C91A202927542CEC003A39D9 /* LaunchScreen.storyboard */ = {
			isa = PBXVariantGroup;
			children = (
				C91A202A27542CEC003A39D9 /* Base */,
			);
			name = LaunchScreen.storyboard;
			sourceTree = "<group>";
		};
/* End PBXVariantGroup section */

/* Begin XCBuildConfiguration section */
		C91A202D27542CEC003A39D9 /* Debug */ = {
			isa = XCBuildConfiguration;
			buildSettings = {
				ALWAYS_SEARCH_USER_PATHS = NO;
				CLANG_ANALYZER_NONNULL = YES;
				CLANG_ANALYZER_NUMBER_OBJECT_CONVERSION = YES_AGGRESSIVE;
				CLANG_CXX_LANGUAGE_STANDARD = "gnu++17";
				CLANG_CXX_LIBRARY = "libc++";
				CLANG_ENABLE_MODULES = YES;
				CLANG_ENABLE_OBJC_ARC = YES;
				CLANG_ENABLE_OBJC_WEAK = YES;
				CLANG_WARN_BLOCK_CAPTURE_AUTORELEASING = YES;
				CLANG_WARN_BOOL_CONVERSION = YES;
				CLANG_WARN_COMMA = YES;
				CLANG_WARN_CONSTANT_CONVERSION = YES;
				CLANG_WARN_DEPRECATED_OBJC_IMPLEMENTATIONS = YES;
				CLANG_WARN_DIRECT_OBJC_ISA_USAGE = YES_ERROR;
				CLANG_WARN_DOCUMENTATION_COMMENTS = YES;
				CLANG_WARN_EMPTY_BODY = YES;
				CLANG_WARN_ENUM_CONVERSION = YES;
				CLANG_WARN_INFINITE_RECURSION = YES;
				CLANG_WARN_INT_CONVERSION = YES;
				CLANG_WARN_NON_LITERAL_NULL_CONVERSION = YES;
				CLANG_WARN_OBJC_IMPLICIT_RETAIN_SELF = YES;
				CLANG_WARN_OBJC_LITERAL_CONVERSION = YES;
				CLANG_WARN_OBJC_ROOT_CLASS = YES_ERROR;
				CLANG_WARN_QUOTED_INCLUDE_IN_FRAMEWORK_HEADER = YES;
				CLANG_WARN_RANGE_LOOP_ANALYSIS = YES;
				CLANG_WARN_STRICT_PROTOTYPES = YES;
				CLANG_WARN_SUSPICIOUS_MOVE = YES;
				CLANG_WARN_UNGUARDED_AVAILABILITY = YES_AGGRESSIVE;
				CLANG_WARN_UNREACHABLE_CODE = YES;
				CLANG_WARN__DUPLICATE_METHOD_MATCH = YES;
				COPY_PHASE_STRIP = NO;
				DEBUG_INFORMATION_FORMAT = dwarf;
				ENABLE_STRICT_OBJC_MSGSEND = YES;
				ENABLE_TESTABILITY = YES;
				GCC_C_LANGUAGE_STANDARD = gnu11;
				GCC_DYNAMIC_NO_PIC = NO;
				GCC_NO_COMMON_BLOCKS = YES;
				GCC_OPTIMIZATION_LEVEL = 0;
				GCC_PREPROCESSOR_DEFINITIONS = (
					"DEBUG=1",
					"$(inherited)",
				);
				GCC_WARN_64_TO_32_BIT_CONVERSION = YES;
				GCC_WARN_ABOUT_RETURN_TYPE = YES_ERROR;
				GCC_WARN_UNDECLARED_SELECTOR = YES;
				GCC_WARN_UNINITIALIZED_AUTOS = YES_AGGRESSIVE;
				GCC_WARN_UNUSED_FUNCTION = YES;
				GCC_WARN_UNUSED_VARIABLE = YES;
				IPHONEOS_DEPLOYMENT_TARGET = 15.0;
				MTL_ENABLE_DEBUG_INFO = INCLUDE_SOURCE;
				MTL_FAST_MATH = YES;
				ONLY_ACTIVE_ARCH = YES;
				SDKROOT = iphoneos;
				SWIFT_ACTIVE_COMPILATION_CONDITIONS = DEBUG;
				SWIFT_OPTIMIZATION_LEVEL = "-Onone";
			};
			name = Debug;
		};
		C91A202E27542CEC003A39D9 /* Release */ = {
			isa = XCBuildConfiguration;
			buildSettings = {
				ALWAYS_SEARCH_USER_PATHS = NO;
				CLANG_ANALYZER_NONNULL = YES;
				CLANG_ANALYZER_NUMBER_OBJECT_CONVERSION = YES_AGGRESSIVE;
				CLANG_CXX_LANGUAGE_STANDARD = "gnu++17";
				CLANG_CXX_LIBRARY = "libc++";
				CLANG_ENABLE_MODULES = YES;
				CLANG_ENABLE_OBJC_ARC = YES;
				CLANG_ENABLE_OBJC_WEAK = YES;
				CLANG_WARN_BLOCK_CAPTURE_AUTORELEASING = YES;
				CLANG_WARN_BOOL_CONVERSION = YES;
				CLANG_WARN_COMMA = YES;
				CLANG_WARN_CONSTANT_CONVERSION = YES;
				CLANG_WARN_DEPRECATED_OBJC_IMPLEMENTATIONS = YES;
				CLANG_WARN_DIRECT_OBJC_ISA_USAGE = YES_ERROR;
				CLANG_WARN_DOCUMENTATION_COMMENTS = YES;
				CLANG_WARN_EMPTY_BODY = YES;
				CLANG_WARN_ENUM_CONVERSION = YES;
				CLANG_WARN_INFINITE_RECURSION = YES;
				CLANG_WARN_INT_CONVERSION = YES;
				CLANG_WARN_NON_LITERAL_NULL_CONVERSION = YES;
				CLANG_WARN_OBJC_IMPLICIT_RETAIN_SELF = YES;
				CLANG_WARN_OBJC_LITERAL_CONVERSION = YES;
				CLANG_WARN_OBJC_ROOT_CLASS = YES_ERROR;
				CLANG_WARN_QUOTED_INCLUDE_IN_FRAMEWORK_HEADER = YES;
				CLANG_WARN_RANGE_LOOP_ANALYSIS = YES;
				CLANG_WARN_STRICT_PROTOTYPES = YES;
				CLANG_WARN_SUSPICIOUS_MOVE = YES;
				CLANG_WARN_UNGUARDED_AVAILABILITY = YES_AGGRESSIVE;
				CLANG_WARN_UNREACHABLE_CODE = YES;
				CLANG_WARN__DUPLICATE_METHOD_MATCH = YES;
				COPY_PHASE_STRIP = NO;
				DEBUG_INFORMATION_FORMAT = "dwarf-with-dsym";
				ENABLE_NS_ASSERTIONS = NO;
				ENABLE_STRICT_OBJC_MSGSEND = YES;
				GCC_C_LANGUAGE_STANDARD = gnu11;
				GCC_NO_COMMON_BLOCKS = YES;
				GCC_WARN_64_TO_32_BIT_CONVERSION = YES;
				GCC_WARN_ABOUT_RETURN_TYPE = YES_ERROR;
				GCC_WARN_UNDECLARED_SELECTOR = YES;
				GCC_WARN_UNINITIALIZED_AUTOS = YES_AGGRESSIVE;
				GCC_WARN_UNUSED_FUNCTION = YES;
				GCC_WARN_UNUSED_VARIABLE = YES;
				IPHONEOS_DEPLOYMENT_TARGET = 15.0;
				MTL_ENABLE_DEBUG_INFO = NO;
				MTL_FAST_MATH = YES;
				SDKROOT = iphoneos;
				SWIFT_COMPILATION_MODE = wholemodule;
				SWIFT_OPTIMIZATION_LEVEL = "-O";
				VALIDATE_PRODUCT = YES;
			};
			name = Release;
		};
		C91A203027542CEC003A39D9 /* Debug */ = {
			isa = XCBuildConfiguration;
			buildSettings = {
				ASSETCATALOG_COMPILER_APPICON_NAME = AppIcon;
				ASSETCATALOG_COMPILER_GLOBAL_ACCENT_COLOR_NAME = AccentColor;
				CODE_SIGN_STYLE = Automatic;
				CURRENT_PROJECT_VERSION = 1;
				DEVELOPMENT_TEAM = WGDSRY88P3;
				GENERATE_INFOPLIST_FILE = YES;
				INFOPLIST_FILE = Tab/Info.plist;
				INFOPLIST_KEY_UIApplicationSupportsIndirectInputEvents = YES;
				INFOPLIST_KEY_UILaunchStoryboardName = LaunchScreen;
				INFOPLIST_KEY_UIMainStoryboardFile = Main;
				INFOPLIST_KEY_UISupportedInterfaceOrientations_iPad = "UIInterfaceOrientationPortrait UIInterfaceOrientationPortraitUpsideDown UIInterfaceOrientationLandscapeLeft UIInterfaceOrientationLandscapeRight";
				INFOPLIST_KEY_UISupportedInterfaceOrientations_iPhone = "UIInterfaceOrientationPortrait UIInterfaceOrientationLandscapeLeft UIInterfaceOrientationLandscapeRight";
				LD_RUNPATH_SEARCH_PATHS = (
					"$(inherited)",
					"@executable_path/Frameworks",
				);
				MARKETING_VERSION = 1.0;
				PRODUCT_BUNDLE_IDENTIFIER = com.yourcompany.Tab;
				PRODUCT_NAME = "$(TARGET_NAME)";
				SWIFT_EMIT_LOC_STRINGS = YES;
				SWIFT_VERSION = 5.0;
				TARGETED_DEVICE_FAMILY = "1,2";
			};
			name = Debug;
		};
		C91A203127542CEC003A39D9 /* Release */ = {
			isa = XCBuildConfiguration;
			buildSettings = {
				ASSETCATALOG_COMPILER_APPICON_NAME = AppIcon;
				ASSETCATALOG_COMPILER_GLOBAL_ACCENT_COLOR_NAME = AccentColor;
				CODE_SIGN_STYLE = Automatic;
				CURRENT_PROJECT_VERSION = 1;
				DEVELOPMENT_TEAM = WGDSRY88P3;
				GENERATE_INFOPLIST_FILE = YES;
				INFOPLIST_FILE = Tab/Info.plist;
				INFOPLIST_KEY_UIApplicationSupportsIndirectInputEvents = YES;
				INFOPLIST_KEY_UILaunchStoryboardName = LaunchScreen;
				INFOPLIST_KEY_UIMainStoryboardFile = Main;
				INFOPLIST_KEY_UISupportedInterfaceOrientations_iPad = "UIInterfaceOrientationPortrait UIInterfaceOrientationPortraitUpsideDown UIInterfaceOrientationLandscapeLeft UIInterfaceOrientationLandscapeRight";
				INFOPLIST_KEY_UISupportedInterfaceOrientations_iPhone = "UIInterfaceOrientationPortrait UIInterfaceOrientationLandscapeLeft UIInterfaceOrientationLandscapeRight";
				LD_RUNPATH_SEARCH_PATHS = (
					"$(inherited)",
					"@executable_path/Frameworks",
				);
				MARKETING_VERSION = 1.0;
				PRODUCT_BUNDLE_IDENTIFIER = com.yourcompany.Tab;
				PRODUCT_NAME = "$(TARGET_NAME)";
				SWIFT_EMIT_LOC_STRINGS = YES;
				SWIFT_VERSION = 5.0;
				TARGETED_DEVICE_FAMILY = "1,2";
			};
			name = Release;
		};
/* End XCBuildConfiguration section */

/* Begin XCConfigurationList section */
		C91A201627542CEB003A39D9 /* Build configuration list for PBXProject "Tab" */ = {
			isa = XCConfigurationList;
			buildConfigurations = (
				C91A202D27542CEC003A39D9 /* Debug */,
				C91A202E27542CEC003A39D9 /* Release */,
			);
			defaultConfigurationIsVisible = 0;
			defaultConfigurationName = Release;
		};
		C91A202F27542CEC003A39D9 /* Build configuration list for PBXNativeTarget "Tab" */ = {
			isa = XCConfigurationList;
			buildConfigurations = (
				C91A203027542CEC003A39D9 /* Debug */,
				C91A203127542CEC003A39D9 /* Release */,
			);
			defaultConfigurationIsVisible = 0;
			defaultConfigurationName = Release;
		};
/* End XCConfigurationList section */
	};
	rootObject = C91A201327542CEB003A39D9 /* Project object */;
}
